
Microsoft Visual Studio Solution File, Format Version 12.00
# Visual Studio Version 16
VisualStudioVersion = 16.0.29926.136
MinimumVisualStudioVersion = 10.0.40219.1
Project("{9A19103F-16F7-4668-BE54-9A1E7A4F7556}") = "SOPokemonUI", "SOPokemonUI\SOPokemonUI.csproj", "{9D263ADC-550F-4A3D-814E-21CB82E6F122}"
EndProject
Project("{9A19103F-16F7-4668-BE54-9A1E7A4F7556}") = "PokeApiNet", "..\PokeApi\PokeApiNet-master\PokeApiNet\PokeApiNet.csproj", "{A9085916-B44A-421D-BAF8-10CA616E8CDD}"
EndProject
Project("{9A19103F-16F7-4668-BE54-9A1E7A4F7556}") = "PokeApiNet.Tests", "..\PokeApi\PokeApiNet-master\PokeApiNet.Tests\PokeApiNet.Tests.csproj", "{3D973BBD-3AA9-421E-9196-697AC3C4AAB0}"
EndProject
Global
	GlobalSection(SolutionConfigurationPlatforms) = preSolution
		Debug|Any CPU = Debug|Any CPU
		Release|Any CPU = Release|Any CPU
	EndGlobalSection
	GlobalSection(ProjectConfigurationPlatforms) = postSolution
		{9D263ADC-550F-4A3D-814E-21CB82E6F122}.Debug|Any CPU.ActiveCfg = Debug|Any CPU
		{9D263ADC-550F-4A3D-814E-21CB82E6F122}.Debug|Any CPU.Build.0 = Debug|Any CPU
		{9D263ADC-550F-4A3D-814E-21CB82E6F122}.Release|Any CPU.ActiveCfg = Release|Any CPU
		{9D263ADC-550F-4A3D-814E-21CB82E6F122}.Release|Any CPU.Build.0 = Release|Any CPU
		{A9085916-B44A-421D-BAF8-10CA616E8CDD}.Debug|Any CPU.ActiveCfg = Debug|Any CPU
		{A9085916-B44A-421D-BAF8-10CA616E8CDD}.Debug|Any CPU.Build.0 = Debug|Any CPU
		{A9085916-B44A-421D-BAF8-10CA616E8CDD}.Release|Any CPU.ActiveCfg = Release|Any CPU
		{A9085916-B44A-421D-BAF8-10CA616E8CDD}.Release|Any CPU.Build.0 = Release|Any CPU
		{3D973BBD-3AA9-421E-9196-697AC3C4AAB0}.Debug|Any CPU.ActiveCfg = Debug|Any CPU
		{3D973BBD-3AA9-421E-9196-697AC3C4AAB0}.Debug|Any CPU.Build.0 = Debug|Any CPU
		{3D973BBD-3AA9-421E-9196-697AC3C4AAB0}.Release|Any CPU.ActiveCfg = Release|Any CPU
		{3D973BBD-3AA9-421E-9196-697AC3C4AAB0}.Release|Any CPU.Build.0 = Release|Any CPU
	EndGlobalSection
	GlobalSection(SolutionProperties) = preSolution
		HideSolutionNode = FALSE
	EndGlobalSection
	GlobalSection(ExtensibilityGlobals) = postSolution
		SolutionGuid = {B541AB20-87CF-4EBE-A6C2-CDBEE9E02C56}
	EndGlobalSection
EndGlobal
