
Microsoft Visual Studio Solution File, Format Version 12.00
# Visual Studio Version 16
VisualStudioVersion = 16.0.29926.136
MinimumVisualStudioVersion = 10.0.40219.1
Project("{FAE04EC0-301F-11D3-BF4B-00C04F79EFBC}") = "SOPokemonUI", "SOPokemonUI\SOPokemonUI.csproj", "{E7B51670-53C9-4228-BFB4-8F8239882FE8}"
EndProject
Global
	GlobalSection(SolutionConfigurationPlatforms) = preSolution
		Debug|Any CPU = Debug|Any CPU
		Release|Any CPU = Release|Any CPU
	EndGlobalSection
	GlobalSection(ProjectConfigurationPlatforms) = postSolution
		{E7B51670-53C9-4228-BFB4-8F8239882FE8}.Debug|Any CPU.ActiveCfg = Debug|Any CPU
		{E7B51670-53C9-4228-BFB4-8F8239882FE8}.Debug|Any CPU.Build.0 = Debug|Any CPU
		{E7B51670-53C9-4228-BFB4-8F8239882FE8}.Release|Any CPU.ActiveCfg = Release|Any CPU
		{E7B51670-53C9-4228-BFB4-8F8239882FE8}.Release|Any CPU.Build.0 = Release|Any CPU
	EndGlobalSection
	GlobalSection(SolutionProperties) = preSolution
		HideSolutionNode = FALSE
	EndGlobalSection
	GlobalSection(ExtensibilityGlobals) = postSolution
		SolutionGuid = {B13033AA-847C-4014-9509-43E4DACBC74C}
	EndGlobalSection
EndGlobal
